{
  "name": "lispjs",
  "version": "0.0.1",
  "lockfileVersion": 1,
  "requires": true,
  "dependencies": {
    "egna": {
      "version": "1.0.5",
      "resolved": "https://registry.npmjs.org/egna/-/egna-1.0.5.tgz",
      "integrity": "sha512-t8PLvodo75t+TUKiZwIPfGNu8xmL/UzmbIrbO8hGT2qIjKilHh8Xe9NK42RVgK0SA0Zm8L7CytMPsrdoA+Plew=="
    }
  }
}
